
Microsoft Visual Studio Solution File, Format Version 12.00
# Visual Studio Version 16
VisualStudioVersion = 16.0.29709.97
MinimumVisualStudioVersion = 10.0.40219.1
Project("{9A19103F-16F7-4668-BE54-9A1E7A4F7556}") = "TruGet", "src\TruGet\TruGet.csproj", "{F9F3A3D1-27F7-4108-B472-90F97AB8EFEB}"
EndProject
Project("{9A19103F-16F7-4668-BE54-9A1E7A4F7556}") = "TruGet.Tests", "src\TruGet.Tests\TruGet.Tests.csproj", "{FEF87977-EFB7-4EE1-99C2-BBA2140E3BC7}"
EndProject
Global
	GlobalSection(SolutionConfigurationPlatforms) = preSolution
		Debug|Any CPU = Debug|Any CPU
		Release|Any CPU = Release|Any CPU
	EndGlobalSection
	GlobalSection(ProjectConfigurationPlatforms) = postSolution
		{F9F3A3D1-27F7-4108-B472-90F97AB8EFEB}.Debug|Any CPU.ActiveCfg = Debug|Any CPU
		{F9F3A3D1-27F7-4108-B472-90F97AB8EFEB}.Debug|Any CPU.Build.0 = Debug|Any CPU
		{F9F3A3D1-27F7-4108-B472-90F97AB8EFEB}.Release|Any CPU.ActiveCfg = Release|Any CPU
		{F9F3A3D1-27F7-4108-B472-90F97AB8EFEB}.Release|Any CPU.Build.0 = Release|Any CPU
		{FEF87977-EFB7-4EE1-99C2-BBA2140E3BC7}.Debug|Any CPU.ActiveCfg = Debug|Any CPU
		{FEF87977-EFB7-4EE1-99C2-BBA2140E3BC7}.Debug|Any CPU.Build.0 = Debug|Any CPU
		{FEF87977-EFB7-4EE1-99C2-BBA2140E3BC7}.Release|Any CPU.ActiveCfg = Release|Any CPU
		{FEF87977-EFB7-4EE1-99C2-BBA2140E3BC7}.Release|Any CPU.Build.0 = Release|Any CPU
	EndGlobalSection
	GlobalSection(SolutionProperties) = preSolution
		HideSolutionNode = FALSE
	EndGlobalSection
	GlobalSection(ExtensibilityGlobals) = postSolution
		SolutionGuid = {CDB2C8C9-7A49-400B-9ADF-858C9680DBBF}
	EndGlobalSection
EndGlobal
